
Microsoft Visual Studio Solution File, Format Version 12.00
# Visual Studio Version 16
VisualStudioVersion = 16.0.30114.105
MinimumVisualStudioVersion = 10.0.40219.1
Project("{FAE04EC0-301F-11D3-BF4B-00C04F79EFBC}") = "Battleship", "Battleship\Battleship.csproj", "{5BAC4C26-B17A-4EA6-A995-FDBC560A2604}"
EndProject
Project("{2150E333-8FDC-42A3-9474-1A3956D46DE8}") = "spite-framework", "spite-framework", "{EAB71169-C7D5-4233-A54D-E489DEC72B0B}"
EndProject
Project("{FAE04EC0-301F-11D3-BF4B-00C04F79EFBC}") = "Spite", "spite-framework\src\Spite.csproj", "{C7BAFABE-C48B-492F-98D1-53BEF6A8C6E8}"
EndProject
Project("{FAE04EC0-301F-11D3-BF4B-00C04F79EFBC}") = "spite-tests", "spite-framework\tests\spite-tests.csproj", "{F7BD9BE7-451C-481D-B488-85FE16E83306}"
EndProject
Global
	GlobalSection(SolutionConfigurationPlatforms) = preSolution
		Debug|Any CPU = Debug|Any CPU
		Debug|x64 = Debug|x64
		Debug|x86 = Debug|x86
		Release|Any CPU = Release|Any CPU
		Release|x64 = Release|x64
		Release|x86 = Release|x86
	EndGlobalSection
	GlobalSection(SolutionProperties) = preSolution
		HideSolutionNode = FALSE
	EndGlobalSection
	GlobalSection(ProjectConfigurationPlatforms) = postSolution
		{5BAC4C26-B17A-4EA6-A995-FDBC560A2604}.Debug|Any CPU.ActiveCfg = Debug|Any CPU
		{5BAC4C26-B17A-4EA6-A995-FDBC560A2604}.Debug|Any CPU.Build.0 = Debug|Any CPU
		{5BAC4C26-B17A-4EA6-A995-FDBC560A2604}.Debug|x64.ActiveCfg = Debug|Any CPU
		{5BAC4C26-B17A-4EA6-A995-FDBC560A2604}.Debug|x64.Build.0 = Debug|Any CPU
		{5BAC4C26-B17A-4EA6-A995-FDBC560A2604}.Debug|x86.ActiveCfg = Debug|Any CPU
		{5BAC4C26-B17A-4EA6-A995-FDBC560A2604}.Debug|x86.Build.0 = Debug|Any CPU
		{5BAC4C26-B17A-4EA6-A995-FDBC560A2604}.Release|Any CPU.ActiveCfg = Release|Any CPU
		{5BAC4C26-B17A-4EA6-A995-FDBC560A2604}.Release|Any CPU.Build.0 = Release|Any CPU
		{5BAC4C26-B17A-4EA6-A995-FDBC560A2604}.Release|x64.ActiveCfg = Release|Any CPU
		{5BAC4C26-B17A-4EA6-A995-FDBC560A2604}.Release|x64.Build.0 = Release|Any CPU
		{5BAC4C26-B17A-4EA6-A995-FDBC560A2604}.Release|x86.ActiveCfg = Release|Any CPU
		{5BAC4C26-B17A-4EA6-A995-FDBC560A2604}.Release|x86.Build.0 = Release|Any CPU
		{C7BAFABE-C48B-492F-98D1-53BEF6A8C6E8}.Debug|Any CPU.ActiveCfg = Debug|Any CPU
		{C7BAFABE-C48B-492F-98D1-53BEF6A8C6E8}.Debug|Any CPU.Build.0 = Debug|Any CPU
		{C7BAFABE-C48B-492F-98D1-53BEF6A8C6E8}.Debug|x64.ActiveCfg = Debug|Any CPU
		{C7BAFABE-C48B-492F-98D1-53BEF6A8C6E8}.Debug|x64.Build.0 = Debug|Any CPU
		{C7BAFABE-C48B-492F-98D1-53BEF6A8C6E8}.Debug|x86.ActiveCfg = Debug|Any CPU
		{C7BAFABE-C48B-492F-98D1-53BEF6A8C6E8}.Debug|x86.Build.0 = Debug|Any CPU
		{C7BAFABE-C48B-492F-98D1-53BEF6A8C6E8}.Release|Any CPU.ActiveCfg = Release|Any CPU
		{C7BAFABE-C48B-492F-98D1-53BEF6A8C6E8}.Release|Any CPU.Build.0 = Release|Any CPU
		{C7BAFABE-C48B-492F-98D1-53BEF6A8C6E8}.Release|x64.ActiveCfg = Release|Any CPU
		{C7BAFABE-C48B-492F-98D1-53BEF6A8C6E8}.Release|x64.Build.0 = Release|Any CPU
		{C7BAFABE-C48B-492F-98D1-53BEF6A8C6E8}.Release|x86.ActiveCfg = Release|Any CPU
		{C7BAFABE-C48B-492F-98D1-53BEF6A8C6E8}.Release|x86.Build.0 = Release|Any CPU
		{F7BD9BE7-451C-481D-B488-85FE16E83306}.Debug|Any CPU.ActiveCfg = Debug|Any CPU
		{F7BD9BE7-451C-481D-B488-85FE16E83306}.Debug|Any CPU.Build.0 = Debug|Any CPU
		{F7BD9BE7-451C-481D-B488-85FE16E83306}.Debug|x64.ActiveCfg = Debug|Any CPU
		{F7BD9BE7-451C-481D-B488-85FE16E83306}.Debug|x64.Build.0 = Debug|Any CPU
		{F7BD9BE7-451C-481D-B488-85FE16E83306}.Debug|x86.ActiveCfg = Debug|Any CPU
		{F7BD9BE7-451C-481D-B488-85FE16E83306}.Debug|x86.Build.0 = Debug|Any CPU
		{F7BD9BE7-451C-481D-B488-85FE16E83306}.Release|Any CPU.ActiveCfg = Release|Any CPU
		{F7BD9BE7-451C-481D-B488-85FE16E83306}.Release|Any CPU.Build.0 = Release|Any CPU
		{F7BD9BE7-451C-481D-B488-85FE16E83306}.Release|x64.ActiveCfg = Release|Any CPU
		{F7BD9BE7-451C-481D-B488-85FE16E83306}.Release|x64.Build.0 = Release|Any CPU
		{F7BD9BE7-451C-481D-B488-85FE16E83306}.Release|x86.ActiveCfg = Release|Any CPU
		{F7BD9BE7-451C-481D-B488-85FE16E83306}.Release|x86.Build.0 = Release|Any CPU
	EndGlobalSection
	GlobalSection(NestedProjects) = preSolution
		{C7BAFABE-C48B-492F-98D1-53BEF6A8C6E8} = {EAB71169-C7D5-4233-A54D-E489DEC72B0B}
		{F7BD9BE7-451C-481D-B488-85FE16E83306} = {EAB71169-C7D5-4233-A54D-E489DEC72B0B}
	EndGlobalSection
EndGlobal
